<?xml version="1.0" encoding="utf-8"?>
<Project ToolsVersion="12.0" xmlns="http://schemas.microsoft.com/developer/msbuild/2003">
  <ItemGroup>
    <ClCompile Include="$(MSBuildThisFileDirectory)AudioPlayer\AudioData\AudioReader\AudioReader.cpp" />
    <ClCompile Include="$(MSBuildThisFileDirectory)AudioPlayer\AudioData\AudioReader\MFAudioReader.cpp" />
    <ClCompile Include="$(MSBuildThisFileDirectory)AudioPlayer\AudioData\AudioSample\AudioSample.cpp" />
    <ClCompile Include="$(MSBuildThisFileDirectory)AudioPlayer\AudioData\AudioSample\MFAudioSample.cpp" />
    <ClCompile Include="$(MSBuildThisFileDirectory)AudioPlayer\AudioEngine\VoiceCallBack.cpp" />
    <ClCompile Include="$(MSBuildThisFileDirectory)AudioPlayer\AudioEngine\XAudio2Player.cpp" />
    <ClCompile Include="$(MSBuildThisFileDirectory)AudioPlayer\AudioEvents\AudioEvents.cpp" />
    <ClCompile Include="$(MSBuildThisFileDirectory)AudioPlayer\AudioEvents\MFAudioEvents.cpp" />
    <ClCompile Include="$(MSBuildThisFileDirectory)AudioPlayer\AudioHelpers\Auto.cpp" />
    <ClCompile Include="$(MSBuildThisFileDirectory)AudioPlayer\AudioHelpers\InitMasterVoice.cpp" />
    <ClCompile Include="$(MSBuildThisFileDirectory)AudioPlayer\Reader.cpp" />
    <ClCompile Include="$(MSBuildThisFileDirectory)Graphics\DirectXRenderer\DirectXCommon\DeviceResources.cpp" />
    <ClCompile Include="$(MSBuildThisFileDirectory)Graphics\DirectXRenderer\Helpers\WinRT\HDataWinRT.cpp" />
    <ClCompile Include="$(MSBuildThisFileDirectory)Graphics\DirectXRenderer\Helpers\HData.cpp" />
    <ClCompile Include="$(MSBuildThisFileDirectory)Graphics\DirectXRenderer\Helpers\HMath.cpp" />
    <ClCompile Include="$(MSBuildThisFileDirectory)Graphics\DirectXRenderer\Helpers\HSystem.cpp" />
    <ClCompile Include="$(MSBuildThisFileDirectory)Graphics\DirectXRenderer\Helpers\HTime.cpp" />
    <ClCompile Include="$(MSBuildThisFileDirectory)Graphics\DirectXRenderer\MainDraw.cpp" />
    <ClCompile Include="$(MSBuildThisFileDirectory)Graphics\DirectXRenderer\NativeRenderableContainer.cpp" />
    <ClCompile Include="$(MSBuildThisFileDirectory)Graphics\DirectXRenderer\Renderer.cpp" />
    <ClCompile Include="$(MSBuildThisFileDirectory)Graphics\DirectXRenderer\EarthRenderer\Renderers\EarthRenderableWinRT.cpp" />
    <ClCompile Include="$(MSBuildThisFileDirectory)Graphics\DirectXRenderer\EarthRenderer\Renderers\EarthRendererNative.cpp" />
    <ClCompile Include="$(MSBuildThisFileDirectory)Graphics\DirectXRenderer\INativeRenderable.cpp" />
    <ClCompile Include="$(MSBuildThisFileDirectory)Graphics\DirectXRenderer\Helpers\async_class.cpp" />
    <ClCompile Include="$(MSBuildThisFileDirectory)Graphics\DirectXRenderer\Helpers\HText.cpp" />
    <ClCompile Include="$(MSBuildThisFileDirectory)Graphics\DirectXRenderer\Helpers\ImageUtils.cpp" />
    <ClCompile Include="$(MSBuildThisFileDirectory)Graphics\DirectXRenderer\Helpers\ImageUtilsEncodeOptions.cpp" />
    <ClCompile Include="$(MSBuildThisFileDirectory)Graphics\DirectXRenderer\Helpers\Timer.cpp" />
    <ClCompile Include="$(MSBuildThisFileDirectory)Graphics\DirectXRenderer\Helpers\PixelConverter\PixelConverter.cpp" />
    <ClCompile Include="$(MSBuildThisFileDirectory)Graphics\DirectXRenderer\Helpers\PixelConverter\PixelConverterCopy.cpp" />
    <ClCompile Include="$(MSBuildThisFileDirectory)Graphics\DirectXRenderer\Helpers\PixelConverter\PixelConverterFactory.cpp" />
    <ClCompile Include="$(MSBuildThisFileDirectory)Graphics\DirectXRenderer\Helpers\Text\UriCodec.cpp" />
  </ItemGroup>
  <ItemGroup>
    <ClInclude Include="$(MSBuildThisFileDirectory)AudioPlayer\AudioData\AudioReader\AudioReader.h" />
    <ClInclude Include="$(MSBuildThisFileDirectory)AudioPlayer\AudioData\AudioReader\MFAudioReader.h" />
    <ClInclude Include="$(MSBuildThisFileDirectory)AudioPlayer\AudioData\AudioSample\AudioSample.h" />
    <ClInclude Include="$(MSBuildThisFileDirectory)AudioPlayer\AudioData\AudioSample\MFAudioSample.h" />
    <ClInclude Include="$(MSBuildThisFileDirectory)AudioPlayer\AudioEngine\XAudio2Player.h" />
    <ClInclude Include="$(MSBuildThisFileDirectory)AudioPlayer\AudioEvents\AudioEvents.h" />
    <ClInclude Include="$(MSBuildThisFileDirectory)AudioPlayer\AudioEvents\MFAudioEvents.h" />
    <ClInclude Include="$(MSBuildThisFileDirectory)AudioPlayer\AudioHelpers\Auto.h" />
    <ClInclude Include="$(MSBuildThisFileDirectory)AudioPlayer\AudioHelpers\InitMasterVoice.h" />
    <ClInclude Include="$(MSBuildThisFileDirectory)AudioPlayer\Reader.h" />
    <ClInclude Include="$(MSBuildThisFileDirectory)AudioPlayer\AudioHelpers\Rational.h" />
    <ClInclude Include="$(MSBuildThisFileDirectory)Graphics\DirectXRenderer\DirectXCommon\DeviceResources.h" />
    <ClInclude Include="$(MSBuildThisFileDirectory)Graphics\DirectXRenderer\DirectXCommon\DirectXHelper.h" />
    <ClInclude Include="$(MSBuildThisFileDirectory)Graphics\DirectXRenderer\DirectXCommon\StepTimer.h" />
    <ClInclude Include="$(MSBuildThisFileDirectory)Graphics\DirectXRenderer\Helpers\WinRT\HDataWinRT.h" />
    <ClInclude Include="$(MSBuildThisFileDirectory)Graphics\DirectXRenderer\Helpers\H.h" />
    <ClInclude Include="$(MSBuildThisFileDirectory)Graphics\DirectXRenderer\Helpers\HData.h" />
    <ClInclude Include="$(MSBuildThisFileDirectory)Graphics\DirectXRenderer\Helpers\HMath.h" />
    <ClInclude Include="$(MSBuildThisFileDirectory)Graphics\DirectXRenderer\Helpers\HSystem.h" />
    <ClInclude Include="$(MSBuildThisFileDirectory)Graphics\DirectXRenderer\Helpers\HTime.h" />
    <ClInclude Include="$(MSBuildThisFileDirectory)Graphics\DirectXRenderer\config.h" />
    <ClInclude Include="$(MSBuildThisFileDirectory)Graphics\DirectXRenderer\INativeRenderable.h" />
    <ClInclude Include="$(MSBuildThisFileDirectory)Graphics\DirectXRenderer\MainDraw.h" />
    <ClInclude Include="$(MSBuildThisFileDirectory)Graphics\DirectXRenderer\NativeRenderableContainer.h" />
    <ClInclude Include="$(MSBuildThisFileDirectory)Graphics\DirectXRenderer\Renderer.h" />
    <ClInclude Include="$(MSBuildThisFileDirectory)Graphics\DirectXRenderer\EarthRenderer\Renderers\EarthRenderableWinRT.h" />
    <ClInclude Include="$(MSBuildThisFileDirectory)Graphics\DirectXRenderer\EarthRenderer\Renderers\EarthRendererNative.h" />
    <ClInclude Include="$(MSBuildThisFileDirectory)Graphics\DirectXRenderer\Helpers\AlignedAllocator.h" />
    <ClInclude Include="$(MSBuildThisFileDirectory)Graphics\DirectXRenderer\IRenderable.h" />
    <ClInclude Include="$(MSBuildThisFileDirectory)Graphics\DirectXRenderer\Helpers\array_wrapper.h" />
    <ClInclude Include="$(MSBuildThisFileDirectory)Graphics\DirectXRenderer\Helpers\async_class.h" />
    <ClInclude Include="$(MSBuildThisFileDirectory)Graphics\DirectXRenderer\Helpers\bit_view.h" />
    <ClInclude Include="$(MSBuildThisFileDirectory)Graphics\DirectXRenderer\Helpers\cond_add_reference.h" />
    <ClInclude Include="$(MSBuildThisFileDirectory)Graphics\DirectXRenderer\Helpers\HText.h" />
    <ClInclude Include="$(MSBuildThisFileDirectory)Graphics\DirectXRenderer\Helpers\ImageUtils.h" />
    <ClInclude Include="$(MSBuildThisFileDirectory)Graphics\DirectXRenderer\Helpers\ImageUtilsEncodeOptions.h" />
    <ClInclude Include="$(MSBuildThisFileDirectory)Graphics\DirectXRenderer\Helpers\rational.h" />
    <ClInclude Include="$(MSBuildThisFileDirectory)Graphics\DirectXRenderer\Helpers\raw_ptr.h" />
    <ClInclude Include="$(MSBuildThisFileDirectory)Graphics\DirectXRenderer\Helpers\result.h" />
    <ClInclude Include="$(MSBuildThisFileDirectory)Graphics\DirectXRenderer\Helpers\ScopedTimer.h" />
    <ClInclude Include="$(MSBuildThisFileDirectory)Graphics\DirectXRenderer\Helpers\Timer.h" />
    <ClInclude Include="$(MSBuildThisFileDirectory)Graphics\DirectXRenderer\Helpers\vector_pool.h" />
    <ClInclude Include="$(MSBuildThisFileDirectory)Graphics\DirectXRenderer\Helpers\vector_queue.h" />
    <ClInclude Include="$(MSBuildThisFileDirectory)Graphics\DirectXRenderer\Helpers\PixelConverter\PixelConverter.h" />
    <ClInclude Include="$(MSBuildThisFileDirectory)Graphics\DirectXRenderer\Helpers\PixelConverter\PixelConverterCopy.h" />
    <ClInclude Include="$(MSBuildThisFileDirectory)Graphics\DirectXRenderer\Helpers\PixelConverter\PixelConverterFactory.h" />
    <ClInclude Include="$(MSBuildThisFileDirectory)Graphics\DirectXRenderer\Helpers\PixelConverter\PixelConverterStd8Bit.h" />
    <ClInclude Include="$(MSBuildThisFileDirectory)Graphics\DirectXRenderer\Helpers\Text\UriCodec.h" />
  </ItemGroup>
  <ItemGroup>
    <FxCompile Include="$(MSBuildThisFileDirectory)Graphics\DirectXRenderer\EarthRenderer\Shaders\T3PixelShader.hlsl" />
    <FxCompile Include="$(MSBuildThisFileDirectory)Graphics\DirectXRenderer\EarthRenderer\Shaders\T3VertexShader.hlsl" />
  </ItemGroup>
</Project>