
Microsoft Visual Studio Solution File, Format Version 12.00
# Visual Studio 14
VisualStudioVersion = 14.0.24720.0
MinimumVisualStudioVersion = 10.0.40219.1
Project("{2150E333-8FDC-42A3-9474-1A3956D46DE8}") = "EarthInBeatsPlayer", "EarthInBeatsPlayer", "{CCF85A1A-E398-452A-B3D8-CBA16D4A8C73}"
EndProject
Project("{D954291E-2A0B-460D-934E-DC6B0785DB48}") = "EarthInBeatsPlayer.Shared", "EarthInBeatsPlayer\EarthInBeatsPlayer.Shared\EarthInBeatsPlayer.Shared.shproj", "{5053E58A-D7B7-4869-AEC4-CFA3D6C6D48B}"
EndProject
Project("{FAE04EC0-301F-11D3-BF4B-00C04F79EFBC}") = "EarthInBeatsPlayer.Windows", "EarthInBeatsPlayer\EarthInBeatsPlayer.Windows\EarthInBeatsPlayer.Windows.csproj", "{952094A2-4EEE-432C-8C42-975EF4DDAD37}"
EndProject
Project("{FAE04EC0-301F-11D3-BF4B-00C04F79EFBC}") = "EarthInBeatsPlayer.WindowsPhone", "EarthInBeatsPlayer\EarthInBeatsPlayer.WindowsPhone\EarthInBeatsPlayer.WindowsPhone.csproj", "{20A84F70-39F8-4B54-92D3-970C156768C7}"
EndProject
Project("{2150E333-8FDC-42A3-9474-1A3956D46DE8}") = "EarthInBeatsNativeLibrary", "EarthInBeatsNativeLibrary", "{C4D70AAC-50B9-4930-BC6B-AA8CEFE16A8C}"
EndProject
Project("{8BC9CEB8-8B4A-11D0-8D11-00A0C91BC942}") = "EarthInBeatsNativeLibrary.Shared", "EarthInBeatsNativeLibrary\EarthInBeatsNativeLibrary.Shared\EarthInBeatsNativeLibrary.Shared.vcxitems", "{1F352729-7F88-4C8C-987E-EDA7B2D6CEDD}"
EndProject
Project("{8BC9CEB8-8B4A-11D0-8D11-00A0C91BC942}") = "EarthInBeatsNativeLibrary.Windows", "EarthInBeatsNativeLibrary\EarthInBeatsNativeLibrary.Windows\EarthInBeatsNativeLibrary.Windows.vcxproj", "{BDA6DC7A-6A2D-4938-8D88-E410C8C98AD7}"
EndProject
Project("{8BC9CEB8-8B4A-11D0-8D11-00A0C91BC942}") = "EarthInBeatsNativeLibrary.WindowsPhone", "EarthInBeatsNativeLibrary\EarthInBeatsNativeLibrary.WindowsPhone\EarthInBeatsNativeLibrary.WindowsPhone.vcxproj", "{6CAC3EFB-2410-445D-A0B2-EE8A637A78E3}"
EndProject
Project("{2150E333-8FDC-42A3-9474-1A3956D46DE8}") = "MediaData", "MediaData", "{A915C18C-EA2B-4D22-9280-95CF4FFD9301}"
EndProject
Project("{FAE04EC0-301F-11D3-BF4B-00C04F79EFBC}") = "MediaDataDesktop", "MediaDataDesktop\MediaDataDesktop.csproj", "{88058923-7F5F-4AD8-80E0-36EEDB158D71}"
EndProject
Project("{FAE04EC0-301F-11D3-BF4B-00C04F79EFBC}") = "MediaDataPhone", "MediaDataPhone\MediaDataPhone.csproj", "{E8D10C7F-60FD-48A9-8512-122259497DCA}"
EndProject
Project("{2150E333-8FDC-42A3-9474-1A3956D46DE8}") = "3rdParty", "3rdParty", "{4AD5C49A-06FF-41FD-BD31-2F718F264254}"
EndProject
Project("{2150E333-8FDC-42A3-9474-1A3956D46DE8}") = "assimp", "assimp", "{3929E5EF-1202-4719-BBC6-D1EFF79161F9}"
EndProject
Project("{2150E333-8FDC-42A3-9474-1A3956D46DE8}") = "zlib", "zlib", "{1DF13C98-E47E-44B0-92B5-8C535ADE615E}"
EndProject
Project("{8BC9CEB8-8B4A-11D0-8D11-00A0C91BC942}") = "assimp.Windows", "3rdParty\assimp-win-rt-master\WinRT\Universal\assimp\assimp.Windows\assimp.Windows.vcxproj", "{657A2EBA-90DB-40C9-A6C3-1EF21C7FCD13}"
EndProject
Project("{8BC9CEB8-8B4A-11D0-8D11-00A0C91BC942}") = "assimp.WindowsPhone", "3rdParty\assimp-win-rt-master\WinRT\Universal\assimp\assimp.WindowsPhone\assimp.WindowsPhone.vcxproj", "{797E807C-6F4F-4D82-94A8-2BF112149463}"
EndProject
Project("{8BC9CEB8-8B4A-11D0-8D11-00A0C91BC942}") = "assimp.Shared", "3rdParty\assimp-win-rt-master\WinRT\Universal\assimp\assimp.Shared\assimp.Shared.vcxitems", "{1C2D41C2-18A4-4798-883C-4BC411A4C5DC}"
EndProject
Project("{8BC9CEB8-8B4A-11D0-8D11-00A0C91BC942}") = "zlib.Shared", "3rdParty\assimp-win-rt-master\WinRT\Universal\zlib\zlib.Shared\zlib.Shared.vcxitems", "{D58C74EA-3A92-4161-81DC-618A7CBB1464}"
EndProject
Project("{8BC9CEB8-8B4A-11D0-8D11-00A0C91BC942}") = "zlib.Windows", "3rdParty\assimp-win-rt-master\WinRT\Universal\zlib\zlib.Windows\zlib.Windows.vcxproj", "{601C0281-C53A-4B73-BD6D-87A2EC863B22}"
EndProject
Project("{8BC9CEB8-8B4A-11D0-8D11-00A0C91BC942}") = "zlib.WindowsPhone", "3rdParty\assimp-win-rt-master\WinRT\Universal\zlib\zlib.WindowsPhone\zlib.WindowsPhone.vcxproj", "{79C87E45-1834-48D7-AD85-EFC898A75E9F}"
EndProject
Global
	GlobalSection(SharedMSBuildProjectFiles) = preSolution
		EarthInBeatsNativeLibrary\EarthInBeatsNativeLibrary.Shared\EarthInBeatsNativeLibrary.Shared.vcxitems*{1f352729-7f88-4c8c-987e-eda7b2d6cedd}*SharedItemsImports = 9
		3rdParty\assimp-win-rt-master\WinRT\Universal\zlib\zlib.Shared\zlib.Shared.vcxitems*{d58c74ea-3a92-4161-81dc-618a7cbb1464}*SharedItemsImports = 9
		EarthInBeatsPlayer\EarthInBeatsPlayer.Shared\EarthInBeatsPlayer.Shared.projitems*{20a84f70-39f8-4b54-92d3-970c156768c7}*SharedItemsImports = 4
		3rdParty\assimp-win-rt-master\WinRT\Universal\zlib\zlib.Shared\zlib.Shared.vcxitems*{79c87e45-1834-48d7-ad85-efc898a75e9f}*SharedItemsImports = 4
		EarthInBeatsNativeLibrary\EarthInBeatsNativeLibrary.Shared\EarthInBeatsNativeLibrary.Shared.vcxitems*{6cac3efb-2410-445d-a0b2-ee8a637a78e3}*SharedItemsImports = 4
		3rdParty\assimp-win-rt-master\WinRT\Universal\assimp\assimp.Shared\assimp.Shared.vcxitems*{657a2eba-90db-40c9-a6c3-1ef21c7fcd13}*SharedItemsImports = 4
		3rdParty\assimp-win-rt-master\WinRT\Universal\zlib\zlib.Shared\zlib.Shared.vcxitems*{601c0281-c53a-4b73-bd6d-87a2ec863b22}*SharedItemsImports = 4
		EarthInBeatsNativeLibrary\EarthInBeatsNativeLibrary.Shared\EarthInBeatsNativeLibrary.Shared.vcxitems*{bda6dc7a-6a2d-4938-8d88-e410c8c98ad7}*SharedItemsImports = 4
		3rdParty\assimp-win-rt-master\WinRT\Universal\assimp\assimp.Shared\assimp.Shared.vcxitems*{797e807c-6f4f-4d82-94a8-2bf112149463}*SharedItemsImports = 4
		EarthInBeatsPlayer\EarthInBeatsPlayer.Shared\EarthInBeatsPlayer.Shared.projitems*{5053e58a-d7b7-4869-aec4-cfa3d6c6d48b}*SharedItemsImports = 13
		EarthInBeatsPlayer\EarthInBeatsPlayer.Shared\EarthInBeatsPlayer.Shared.projitems*{952094a2-4eee-432c-8c42-975ef4ddad37}*SharedItemsImports = 4
		3rdParty\assimp-win-rt-master\WinRT\Universal\assimp\assimp.Shared\assimp.Shared.vcxitems*{1c2d41c2-18a4-4798-883c-4bc411a4c5dc}*SharedItemsImports = 9
	EndGlobalSection
	GlobalSection(SolutionConfigurationPlatforms) = preSolution
		Debug|Any CPU = Debug|Any CPU
		Debug|ARM = Debug|ARM
		Debug|Mixed Platforms = Debug|Mixed Platforms
		Debug|Win32 = Debug|Win32
		Debug|x64 = Debug|x64
		Debug|x86 = Debug|x86
		Release|Any CPU = Release|Any CPU
		Release|ARM = Release|ARM
		Release|Mixed Platforms = Release|Mixed Platforms
		Release|Win32 = Release|Win32
		Release|x64 = Release|x64
		Release|x86 = Release|x86
	EndGlobalSection
	GlobalSection(ProjectConfigurationPlatforms) = postSolution
		{952094A2-4EEE-432C-8C42-975EF4DDAD37}.Debug|Any CPU.ActiveCfg = Debug|Any CPU
		{952094A2-4EEE-432C-8C42-975EF4DDAD37}.Debug|Any CPU.Build.0 = Debug|Any CPU
		{952094A2-4EEE-432C-8C42-975EF4DDAD37}.Debug|Any CPU.Deploy.0 = Debug|Any CPU
		{952094A2-4EEE-432C-8C42-975EF4DDAD37}.Debug|ARM.ActiveCfg = Debug|ARM
		{952094A2-4EEE-432C-8C42-975EF4DDAD37}.Debug|ARM.Build.0 = Debug|ARM
		{952094A2-4EEE-432C-8C42-975EF4DDAD37}.Debug|ARM.Deploy.0 = Debug|ARM
		{952094A2-4EEE-432C-8C42-975EF4DDAD37}.Debug|Mixed Platforms.ActiveCfg = Debug|x86
		{952094A2-4EEE-432C-8C42-975EF4DDAD37}.Debug|Mixed Platforms.Build.0 = Debug|x86
		{952094A2-4EEE-432C-8C42-975EF4DDAD37}.Debug|Mixed Platforms.Deploy.0 = Debug|x86
		{952094A2-4EEE-432C-8C42-975EF4DDAD37}.Debug|Win32.ActiveCfg = Debug|x86
		{952094A2-4EEE-432C-8C42-975EF4DDAD37}.Debug|Win32.Build.0 = Debug|x86
		{952094A2-4EEE-432C-8C42-975EF4DDAD37}.Debug|Win32.Deploy.0 = Debug|x86
		{952094A2-4EEE-432C-8C42-975EF4DDAD37}.Debug|x64.ActiveCfg = Debug|x64
		{952094A2-4EEE-432C-8C42-975EF4DDAD37}.Debug|x64.Build.0 = Debug|x64
		{952094A2-4EEE-432C-8C42-975EF4DDAD37}.Debug|x64.Deploy.0 = Debug|x64
		{952094A2-4EEE-432C-8C42-975EF4DDAD37}.Debug|x86.ActiveCfg = Debug|x86
		{952094A2-4EEE-432C-8C42-975EF4DDAD37}.Debug|x86.Build.0 = Debug|x86
		{952094A2-4EEE-432C-8C42-975EF4DDAD37}.Debug|x86.Deploy.0 = Debug|x86
		{952094A2-4EEE-432C-8C42-975EF4DDAD37}.Release|Any CPU.ActiveCfg = Release|Any CPU
		{952094A2-4EEE-432C-8C42-975EF4DDAD37}.Release|Any CPU.Build.0 = Release|Any CPU
		{952094A2-4EEE-432C-8C42-975EF4DDAD37}.Release|Any CPU.Deploy.0 = Release|Any CPU
		{952094A2-4EEE-432C-8C42-975EF4DDAD37}.Release|ARM.ActiveCfg = Release|ARM
		{952094A2-4EEE-432C-8C42-975EF4DDAD37}.Release|ARM.Build.0 = Release|ARM
		{952094A2-4EEE-432C-8C42-975EF4DDAD37}.Release|ARM.Deploy.0 = Release|ARM
		{952094A2-4EEE-432C-8C42-975EF4DDAD37}.Release|Mixed Platforms.ActiveCfg = Release|x86
		{952094A2-4EEE-432C-8C42-975EF4DDAD37}.Release|Mixed Platforms.Build.0 = Release|x86
		{952094A2-4EEE-432C-8C42-975EF4DDAD37}.Release|Mixed Platforms.Deploy.0 = Release|x86
		{952094A2-4EEE-432C-8C42-975EF4DDAD37}.Release|Win32.ActiveCfg = Release|x86
		{952094A2-4EEE-432C-8C42-975EF4DDAD37}.Release|Win32.Build.0 = Release|x86
		{952094A2-4EEE-432C-8C42-975EF4DDAD37}.Release|Win32.Deploy.0 = Release|x86
		{952094A2-4EEE-432C-8C42-975EF4DDAD37}.Release|x64.ActiveCfg = Release|x64
		{952094A2-4EEE-432C-8C42-975EF4DDAD37}.Release|x64.Build.0 = Release|x64
		{952094A2-4EEE-432C-8C42-975EF4DDAD37}.Release|x64.Deploy.0 = Release|x64
		{952094A2-4EEE-432C-8C42-975EF4DDAD37}.Release|x86.ActiveCfg = Release|x86
		{952094A2-4EEE-432C-8C42-975EF4DDAD37}.Release|x86.Build.0 = Release|x86
		{952094A2-4EEE-432C-8C42-975EF4DDAD37}.Release|x86.Deploy.0 = Release|x86
		{20A84F70-39F8-4B54-92D3-970C156768C7}.Debug|Any CPU.ActiveCfg = Debug|Any CPU
		{20A84F70-39F8-4B54-92D3-970C156768C7}.Debug|Any CPU.Build.0 = Debug|Any CPU
		{20A84F70-39F8-4B54-92D3-970C156768C7}.Debug|Any CPU.Deploy.0 = Debug|Any CPU
		{20A84F70-39F8-4B54-92D3-970C156768C7}.Debug|ARM.ActiveCfg = Debug|ARM
		{20A84F70-39F8-4B54-92D3-970C156768C7}.Debug|ARM.Build.0 = Debug|ARM
		{20A84F70-39F8-4B54-92D3-970C156768C7}.Debug|ARM.Deploy.0 = Debug|ARM
		{20A84F70-39F8-4B54-92D3-970C156768C7}.Debug|Mixed Platforms.ActiveCfg = Debug|x86
		{20A84F70-39F8-4B54-92D3-970C156768C7}.Debug|Mixed Platforms.Build.0 = Debug|x86
		{20A84F70-39F8-4B54-92D3-970C156768C7}.Debug|Mixed Platforms.Deploy.0 = Debug|x86
		{20A84F70-39F8-4B54-92D3-970C156768C7}.Debug|Win32.ActiveCfg = Debug|x86
		{20A84F70-39F8-4B54-92D3-970C156768C7}.Debug|Win32.Build.0 = Debug|x86
		{20A84F70-39F8-4B54-92D3-970C156768C7}.Debug|Win32.Deploy.0 = Debug|x86
		{20A84F70-39F8-4B54-92D3-970C156768C7}.Debug|x64.ActiveCfg = Debug|Any CPU
		{20A84F70-39F8-4B54-92D3-970C156768C7}.Debug|x86.ActiveCfg = Debug|x86
		{20A84F70-39F8-4B54-92D3-970C156768C7}.Debug|x86.Build.0 = Debug|x86
		{20A84F70-39F8-4B54-92D3-970C156768C7}.Debug|x86.Deploy.0 = Debug|x86
		{20A84F70-39F8-4B54-92D3-970C156768C7}.Release|Any CPU.ActiveCfg = Release|Any CPU
		{20A84F70-39F8-4B54-92D3-970C156768C7}.Release|Any CPU.Build.0 = Release|Any CPU
		{20A84F70-39F8-4B54-92D3-970C156768C7}.Release|Any CPU.Deploy.0 = Release|Any CPU
		{20A84F70-39F8-4B54-92D3-970C156768C7}.Release|ARM.ActiveCfg = Release|ARM
		{20A84F70-39F8-4B54-92D3-970C156768C7}.Release|ARM.Build.0 = Release|ARM
		{20A84F70-39F8-4B54-92D3-970C156768C7}.Release|ARM.Deploy.0 = Release|ARM
		{20A84F70-39F8-4B54-92D3-970C156768C7}.Release|Mixed Platforms.ActiveCfg = Release|x86
		{20A84F70-39F8-4B54-92D3-970C156768C7}.Release|Mixed Platforms.Build.0 = Release|x86
		{20A84F70-39F8-4B54-92D3-970C156768C7}.Release|Mixed Platforms.Deploy.0 = Release|x86
		{20A84F70-39F8-4B54-92D3-970C156768C7}.Release|Win32.ActiveCfg = Release|x86
		{20A84F70-39F8-4B54-92D3-970C156768C7}.Release|Win32.Build.0 = Release|x86
		{20A84F70-39F8-4B54-92D3-970C156768C7}.Release|Win32.Deploy.0 = Release|x86
		{20A84F70-39F8-4B54-92D3-970C156768C7}.Release|x64.ActiveCfg = Release|Any CPU
		{20A84F70-39F8-4B54-92D3-970C156768C7}.Release|x86.ActiveCfg = Release|x86
		{20A84F70-39F8-4B54-92D3-970C156768C7}.Release|x86.Build.0 = Release|x86
		{20A84F70-39F8-4B54-92D3-970C156768C7}.Release|x86.Deploy.0 = Release|x86
		{BDA6DC7A-6A2D-4938-8D88-E410C8C98AD7}.Debug|Any CPU.ActiveCfg = Debug|Win32
		{BDA6DC7A-6A2D-4938-8D88-E410C8C98AD7}.Debug|ARM.ActiveCfg = Debug|ARM
		{BDA6DC7A-6A2D-4938-8D88-E410C8C98AD7}.Debug|ARM.Build.0 = Debug|ARM
		{BDA6DC7A-6A2D-4938-8D88-E410C8C98AD7}.Debug|Mixed Platforms.ActiveCfg = Debug|Win32
		{BDA6DC7A-6A2D-4938-8D88-E410C8C98AD7}.Debug|Mixed Platforms.Build.0 = Debug|Win32
		{BDA6DC7A-6A2D-4938-8D88-E410C8C98AD7}.Debug|Win32.ActiveCfg = Debug|Win32
		{BDA6DC7A-6A2D-4938-8D88-E410C8C98AD7}.Debug|Win32.Build.0 = Debug|Win32
		{BDA6DC7A-6A2D-4938-8D88-E410C8C98AD7}.Debug|x64.ActiveCfg = Debug|x64
		{BDA6DC7A-6A2D-4938-8D88-E410C8C98AD7}.Debug|x64.Build.0 = Debug|x64
		{BDA6DC7A-6A2D-4938-8D88-E410C8C98AD7}.Debug|x86.ActiveCfg = Debug|Win32
		{BDA6DC7A-6A2D-4938-8D88-E410C8C98AD7}.Debug|x86.Build.0 = Debug|Win32
		{BDA6DC7A-6A2D-4938-8D88-E410C8C98AD7}.Release|Any CPU.ActiveCfg = Release|Win32
		{BDA6DC7A-6A2D-4938-8D88-E410C8C98AD7}.Release|ARM.ActiveCfg = Release|ARM
		{BDA6DC7A-6A2D-4938-8D88-E410C8C98AD7}.Release|ARM.Build.0 = Release|ARM
		{BDA6DC7A-6A2D-4938-8D88-E410C8C98AD7}.Release|Mixed Platforms.ActiveCfg = Release|Win32
		{BDA6DC7A-6A2D-4938-8D88-E410C8C98AD7}.Release|Mixed Platforms.Build.0 = Release|Win32
		{BDA6DC7A-6A2D-4938-8D88-E410C8C98AD7}.Release|Win32.ActiveCfg = Release|Win32
		{BDA6DC7A-6A2D-4938-8D88-E410C8C98AD7}.Release|Win32.Build.0 = Release|Win32
		{BDA6DC7A-6A2D-4938-8D88-E410C8C98AD7}.Release|x64.ActiveCfg = Release|x64
		{BDA6DC7A-6A2D-4938-8D88-E410C8C98AD7}.Release|x64.Build.0 = Release|x64
		{BDA6DC7A-6A2D-4938-8D88-E410C8C98AD7}.Release|x86.ActiveCfg = Release|Win32
		{BDA6DC7A-6A2D-4938-8D88-E410C8C98AD7}.Release|x86.Build.0 = Release|Win32
		{6CAC3EFB-2410-445D-A0B2-EE8A637A78E3}.Debug|Any CPU.ActiveCfg = Debug|Win32
		{6CAC3EFB-2410-445D-A0B2-EE8A637A78E3}.Debug|ARM.ActiveCfg = Debug|ARM
		{6CAC3EFB-2410-445D-A0B2-EE8A637A78E3}.Debug|ARM.Build.0 = Debug|ARM
		{6CAC3EFB-2410-445D-A0B2-EE8A637A78E3}.Debug|Mixed Platforms.ActiveCfg = Debug|Win32
		{6CAC3EFB-2410-445D-A0B2-EE8A637A78E3}.Debug|Mixed Platforms.Build.0 = Debug|Win32
		{6CAC3EFB-2410-445D-A0B2-EE8A637A78E3}.Debug|Win32.ActiveCfg = Debug|Win32
		{6CAC3EFB-2410-445D-A0B2-EE8A637A78E3}.Debug|Win32.Build.0 = Debug|Win32
		{6CAC3EFB-2410-445D-A0B2-EE8A637A78E3}.Debug|x64.ActiveCfg = Debug|Win32
		{6CAC3EFB-2410-445D-A0B2-EE8A637A78E3}.Debug|x86.ActiveCfg = Debug|Win32
		{6CAC3EFB-2410-445D-A0B2-EE8A637A78E3}.Debug|x86.Build.0 = Debug|Win32
		{6CAC3EFB-2410-445D-A0B2-EE8A637A78E3}.Release|Any CPU.ActiveCfg = Release|Win32
		{6CAC3EFB-2410-445D-A0B2-EE8A637A78E3}.Release|ARM.ActiveCfg = Release|ARM
		{6CAC3EFB-2410-445D-A0B2-EE8A637A78E3}.Release|ARM.Build.0 = Release|ARM
		{6CAC3EFB-2410-445D-A0B2-EE8A637A78E3}.Release|Mixed Platforms.ActiveCfg = Release|Win32
		{6CAC3EFB-2410-445D-A0B2-EE8A637A78E3}.Release|Mixed Platforms.Build.0 = Release|Win32
		{6CAC3EFB-2410-445D-A0B2-EE8A637A78E3}.Release|Win32.ActiveCfg = Release|Win32
		{6CAC3EFB-2410-445D-A0B2-EE8A637A78E3}.Release|Win32.Build.0 = Release|Win32
		{6CAC3EFB-2410-445D-A0B2-EE8A637A78E3}.Release|x64.ActiveCfg = Release|Win32
		{6CAC3EFB-2410-445D-A0B2-EE8A637A78E3}.Release|x86.ActiveCfg = Release|Win32
		{6CAC3EFB-2410-445D-A0B2-EE8A637A78E3}.Release|x86.Build.0 = Release|Win32
		{88058923-7F5F-4AD8-80E0-36EEDB158D71}.Debug|Any CPU.ActiveCfg = Debug|Any CPU
		{88058923-7F5F-4AD8-80E0-36EEDB158D71}.Debug|Any CPU.Build.0 = Debug|Any CPU
		{88058923-7F5F-4AD8-80E0-36EEDB158D71}.Debug|ARM.ActiveCfg = Debug|ARM
		{88058923-7F5F-4AD8-80E0-36EEDB158D71}.Debug|ARM.Build.0 = Debug|ARM
		{88058923-7F5F-4AD8-80E0-36EEDB158D71}.Debug|Mixed Platforms.ActiveCfg = Debug|x86
		{88058923-7F5F-4AD8-80E0-36EEDB158D71}.Debug|Mixed Platforms.Build.0 = Debug|x86
		{88058923-7F5F-4AD8-80E0-36EEDB158D71}.Debug|Win32.ActiveCfg = Debug|x86
		{88058923-7F5F-4AD8-80E0-36EEDB158D71}.Debug|Win32.Build.0 = Debug|x86
		{88058923-7F5F-4AD8-80E0-36EEDB158D71}.Debug|x64.ActiveCfg = Debug|x64
		{88058923-7F5F-4AD8-80E0-36EEDB158D71}.Debug|x64.Build.0 = Debug|x64
		{88058923-7F5F-4AD8-80E0-36EEDB158D71}.Debug|x86.ActiveCfg = Debug|x86
		{88058923-7F5F-4AD8-80E0-36EEDB158D71}.Debug|x86.Build.0 = Debug|x86
		{88058923-7F5F-4AD8-80E0-36EEDB158D71}.Release|Any CPU.ActiveCfg = Release|Any CPU
		{88058923-7F5F-4AD8-80E0-36EEDB158D71}.Release|Any CPU.Build.0 = Release|Any CPU
		{88058923-7F5F-4AD8-80E0-36EEDB158D71}.Release|ARM.ActiveCfg = Release|ARM
		{88058923-7F5F-4AD8-80E0-36EEDB158D71}.Release|ARM.Build.0 = Release|ARM
		{88058923-7F5F-4AD8-80E0-36EEDB158D71}.Release|Mixed Platforms.ActiveCfg = Release|x86
		{88058923-7F5F-4AD8-80E0-36EEDB158D71}.Release|Mixed Platforms.Build.0 = Release|x86
		{88058923-7F5F-4AD8-80E0-36EEDB158D71}.Release|Win32.ActiveCfg = Release|x86
		{88058923-7F5F-4AD8-80E0-36EEDB158D71}.Release|Win32.Build.0 = Release|x86
		{88058923-7F5F-4AD8-80E0-36EEDB158D71}.Release|x64.ActiveCfg = Release|x64
		{88058923-7F5F-4AD8-80E0-36EEDB158D71}.Release|x64.Build.0 = Release|x64
		{88058923-7F5F-4AD8-80E0-36EEDB158D71}.Release|x86.ActiveCfg = Release|x86
		{88058923-7F5F-4AD8-80E0-36EEDB158D71}.Release|x86.Build.0 = Release|x86
		{E8D10C7F-60FD-48A9-8512-122259497DCA}.Debug|Any CPU.ActiveCfg = Debug|Any CPU
		{E8D10C7F-60FD-48A9-8512-122259497DCA}.Debug|Any CPU.Build.0 = Debug|Any CPU
		{E8D10C7F-60FD-48A9-8512-122259497DCA}.Debug|ARM.ActiveCfg = Debug|ARM
		{E8D10C7F-60FD-48A9-8512-122259497DCA}.Debug|ARM.Build.0 = Debug|ARM
		{E8D10C7F-60FD-48A9-8512-122259497DCA}.Debug|Mixed Platforms.ActiveCfg = Debug|x86
		{E8D10C7F-60FD-48A9-8512-122259497DCA}.Debug|Mixed Platforms.Build.0 = Debug|x86
		{E8D10C7F-60FD-48A9-8512-122259497DCA}.Debug|Win32.ActiveCfg = Debug|x86
		{E8D10C7F-60FD-48A9-8512-122259497DCA}.Debug|Win32.Build.0 = Debug|x86
		{E8D10C7F-60FD-48A9-8512-122259497DCA}.Debug|x64.ActiveCfg = Debug|Any CPU
		{E8D10C7F-60FD-48A9-8512-122259497DCA}.Debug|x86.ActiveCfg = Debug|x86
		{E8D10C7F-60FD-48A9-8512-122259497DCA}.Debug|x86.Build.0 = Debug|x86
		{E8D10C7F-60FD-48A9-8512-122259497DCA}.Release|Any CPU.ActiveCfg = Release|Any CPU
		{E8D10C7F-60FD-48A9-8512-122259497DCA}.Release|Any CPU.Build.0 = Release|Any CPU
		{E8D10C7F-60FD-48A9-8512-122259497DCA}.Release|ARM.ActiveCfg = Release|ARM
		{E8D10C7F-60FD-48A9-8512-122259497DCA}.Release|ARM.Build.0 = Release|ARM
		{E8D10C7F-60FD-48A9-8512-122259497DCA}.Release|Mixed Platforms.ActiveCfg = Release|x86
		{E8D10C7F-60FD-48A9-8512-122259497DCA}.Release|Mixed Platforms.Build.0 = Release|x86
		{E8D10C7F-60FD-48A9-8512-122259497DCA}.Release|Win32.ActiveCfg = Release|x86
		{E8D10C7F-60FD-48A9-8512-122259497DCA}.Release|Win32.Build.0 = Release|x86
		{E8D10C7F-60FD-48A9-8512-122259497DCA}.Release|x64.ActiveCfg = Release|Any CPU
		{E8D10C7F-60FD-48A9-8512-122259497DCA}.Release|x86.ActiveCfg = Release|x86
		{E8D10C7F-60FD-48A9-8512-122259497DCA}.Release|x86.Build.0 = Release|x86
		{657A2EBA-90DB-40C9-A6C3-1EF21C7FCD13}.Debug|Any CPU.ActiveCfg = Debug|Win32
		{657A2EBA-90DB-40C9-A6C3-1EF21C7FCD13}.Debug|ARM.ActiveCfg = Debug|ARM
		{657A2EBA-90DB-40C9-A6C3-1EF21C7FCD13}.Debug|ARM.Build.0 = Debug|ARM
		{657A2EBA-90DB-40C9-A6C3-1EF21C7FCD13}.Debug|Mixed Platforms.ActiveCfg = Debug|Win32
		{657A2EBA-90DB-40C9-A6C3-1EF21C7FCD13}.Debug|Mixed Platforms.Build.0 = Debug|Win32
		{657A2EBA-90DB-40C9-A6C3-1EF21C7FCD13}.Debug|Win32.ActiveCfg = Debug|Win32
		{657A2EBA-90DB-40C9-A6C3-1EF21C7FCD13}.Debug|Win32.Build.0 = Debug|Win32
		{657A2EBA-90DB-40C9-A6C3-1EF21C7FCD13}.Debug|x64.ActiveCfg = Debug|x64
		{657A2EBA-90DB-40C9-A6C3-1EF21C7FCD13}.Debug|x64.Build.0 = Debug|x64
		{657A2EBA-90DB-40C9-A6C3-1EF21C7FCD13}.Debug|x86.ActiveCfg = Debug|Win32
		{657A2EBA-90DB-40C9-A6C3-1EF21C7FCD13}.Debug|x86.Build.0 = Debug|Win32
		{657A2EBA-90DB-40C9-A6C3-1EF21C7FCD13}.Release|Any CPU.ActiveCfg = Release|Win32
		{657A2EBA-90DB-40C9-A6C3-1EF21C7FCD13}.Release|ARM.ActiveCfg = Release|ARM
		{657A2EBA-90DB-40C9-A6C3-1EF21C7FCD13}.Release|ARM.Build.0 = Release|ARM
		{657A2EBA-90DB-40C9-A6C3-1EF21C7FCD13}.Release|Mixed Platforms.ActiveCfg = Release|Win32
		{657A2EBA-90DB-40C9-A6C3-1EF21C7FCD13}.Release|Mixed Platforms.Build.0 = Release|Win32
		{657A2EBA-90DB-40C9-A6C3-1EF21C7FCD13}.Release|Win32.ActiveCfg = Release|Win32
		{657A2EBA-90DB-40C9-A6C3-1EF21C7FCD13}.Release|Win32.Build.0 = Release|Win32
		{657A2EBA-90DB-40C9-A6C3-1EF21C7FCD13}.Release|x64.ActiveCfg = Release|x64
		{657A2EBA-90DB-40C9-A6C3-1EF21C7FCD13}.Release|x64.Build.0 = Release|x64
		{657A2EBA-90DB-40C9-A6C3-1EF21C7FCD13}.Release|x86.ActiveCfg = Release|Win32
		{657A2EBA-90DB-40C9-A6C3-1EF21C7FCD13}.Release|x86.Build.0 = Release|Win32
		{797E807C-6F4F-4D82-94A8-2BF112149463}.Debug|Any CPU.ActiveCfg = Debug|Win32
		{797E807C-6F4F-4D82-94A8-2BF112149463}.Debug|ARM.ActiveCfg = Debug|ARM
		{797E807C-6F4F-4D82-94A8-2BF112149463}.Debug|ARM.Build.0 = Debug|ARM
		{797E807C-6F4F-4D82-94A8-2BF112149463}.Debug|Mixed Platforms.ActiveCfg = Debug|Win32
		{797E807C-6F4F-4D82-94A8-2BF112149463}.Debug|Mixed Platforms.Build.0 = Debug|Win32
		{797E807C-6F4F-4D82-94A8-2BF112149463}.Debug|Win32.ActiveCfg = Debug|Win32
		{797E807C-6F4F-4D82-94A8-2BF112149463}.Debug|Win32.Build.0 = Debug|Win32
		{797E807C-6F4F-4D82-94A8-2BF112149463}.Debug|x64.ActiveCfg = Debug|Win32
		{797E807C-6F4F-4D82-94A8-2BF112149463}.Debug|x86.ActiveCfg = Debug|Win32
		{797E807C-6F4F-4D82-94A8-2BF112149463}.Debug|x86.Build.0 = Debug|Win32
		{797E807C-6F4F-4D82-94A8-2BF112149463}.Release|Any CPU.ActiveCfg = Release|Win32
		{797E807C-6F4F-4D82-94A8-2BF112149463}.Release|ARM.ActiveCfg = Release|ARM
		{797E807C-6F4F-4D82-94A8-2BF112149463}.Release|ARM.Build.0 = Release|ARM
		{797E807C-6F4F-4D82-94A8-2BF112149463}.Release|Mixed Platforms.ActiveCfg = Release|Win32
		{797E807C-6F4F-4D82-94A8-2BF112149463}.Release|Mixed Platforms.Build.0 = Release|Win32
		{797E807C-6F4F-4D82-94A8-2BF112149463}.Release|Win32.ActiveCfg = Release|Win32
		{797E807C-6F4F-4D82-94A8-2BF112149463}.Release|Win32.Build.0 = Release|Win32
		{797E807C-6F4F-4D82-94A8-2BF112149463}.Release|x64.ActiveCfg = Release|Win32
		{797E807C-6F4F-4D82-94A8-2BF112149463}.Release|x86.ActiveCfg = Release|Win32
		{797E807C-6F4F-4D82-94A8-2BF112149463}.Release|x86.Build.0 = Release|Win32
		{601C0281-C53A-4B73-BD6D-87A2EC863B22}.Debug|Any CPU.ActiveCfg = Debug|Win32
		{601C0281-C53A-4B73-BD6D-87A2EC863B22}.Debug|ARM.ActiveCfg = Debug|ARM
		{601C0281-C53A-4B73-BD6D-87A2EC863B22}.Debug|ARM.Build.0 = Debug|ARM
		{601C0281-C53A-4B73-BD6D-87A2EC863B22}.Debug|Mixed Platforms.ActiveCfg = Debug|Win32
		{601C0281-C53A-4B73-BD6D-87A2EC863B22}.Debug|Mixed Platforms.Build.0 = Debug|Win32
		{601C0281-C53A-4B73-BD6D-87A2EC863B22}.Debug|Win32.ActiveCfg = Debug|Win32
		{601C0281-C53A-4B73-BD6D-87A2EC863B22}.Debug|Win32.Build.0 = Debug|Win32
		{601C0281-C53A-4B73-BD6D-87A2EC863B22}.Debug|x64.ActiveCfg = Debug|x64
		{601C0281-C53A-4B73-BD6D-87A2EC863B22}.Debug|x64.Build.0 = Debug|x64
		{601C0281-C53A-4B73-BD6D-87A2EC863B22}.Debug|x86.ActiveCfg = Debug|Win32
		{601C0281-C53A-4B73-BD6D-87A2EC863B22}.Debug|x86.Build.0 = Debug|Win32
		{601C0281-C53A-4B73-BD6D-87A2EC863B22}.Release|Any CPU.ActiveCfg = Release|Win32
		{601C0281-C53A-4B73-BD6D-87A2EC863B22}.Release|ARM.ActiveCfg = Release|ARM
		{601C0281-C53A-4B73-BD6D-87A2EC863B22}.Release|ARM.Build.0 = Release|ARM
		{601C0281-C53A-4B73-BD6D-87A2EC863B22}.Release|Mixed Platforms.ActiveCfg = Release|Win32
		{601C0281-C53A-4B73-BD6D-87A2EC863B22}.Release|Mixed Platforms.Build.0 = Release|Win32
		{601C0281-C53A-4B73-BD6D-87A2EC863B22}.Release|Win32.ActiveCfg = Release|Win32
		{601C0281-C53A-4B73-BD6D-87A2EC863B22}.Release|Win32.Build.0 = Release|Win32
		{601C0281-C53A-4B73-BD6D-87A2EC863B22}.Release|x64.ActiveCfg = Release|x64
		{601C0281-C53A-4B73-BD6D-87A2EC863B22}.Release|x64.Build.0 = Release|x64
		{601C0281-C53A-4B73-BD6D-87A2EC863B22}.Release|x86.ActiveCfg = Release|Win32
		{601C0281-C53A-4B73-BD6D-87A2EC863B22}.Release|x86.Build.0 = Release|Win32
		{79C87E45-1834-48D7-AD85-EFC898A75E9F}.Debug|Any CPU.ActiveCfg = Debug|Win32
		{79C87E45-1834-48D7-AD85-EFC898A75E9F}.Debug|ARM.ActiveCfg = Debug|ARM
		{79C87E45-1834-48D7-AD85-EFC898A75E9F}.Debug|ARM.Build.0 = Debug|ARM
		{79C87E45-1834-48D7-AD85-EFC898A75E9F}.Debug|Mixed Platforms.ActiveCfg = Debug|Win32
		{79C87E45-1834-48D7-AD85-EFC898A75E9F}.Debug|Mixed Platforms.Build.0 = Debug|Win32
		{79C87E45-1834-48D7-AD85-EFC898A75E9F}.Debug|Win32.ActiveCfg = Debug|Win32
		{79C87E45-1834-48D7-AD85-EFC898A75E9F}.Debug|Win32.Build.0 = Debug|Win32
		{79C87E45-1834-48D7-AD85-EFC898A75E9F}.Debug|x64.ActiveCfg = Debug|Win32
		{79C87E45-1834-48D7-AD85-EFC898A75E9F}.Debug|x86.ActiveCfg = Debug|Win32
		{79C87E45-1834-48D7-AD85-EFC898A75E9F}.Debug|x86.Build.0 = Debug|Win32
		{79C87E45-1834-48D7-AD85-EFC898A75E9F}.Release|Any CPU.ActiveCfg = Release|Win32
		{79C87E45-1834-48D7-AD85-EFC898A75E9F}.Release|ARM.ActiveCfg = Release|ARM
		{79C87E45-1834-48D7-AD85-EFC898A75E9F}.Release|ARM.Build.0 = Release|ARM
		{79C87E45-1834-48D7-AD85-EFC898A75E9F}.Release|Mixed Platforms.ActiveCfg = Release|Win32
		{79C87E45-1834-48D7-AD85-EFC898A75E9F}.Release|Mixed Platforms.Build.0 = Release|Win32
		{79C87E45-1834-48D7-AD85-EFC898A75E9F}.Release|Win32.ActiveCfg = Release|Win32
		{79C87E45-1834-48D7-AD85-EFC898A75E9F}.Release|Win32.Build.0 = Release|Win32
		{79C87E45-1834-48D7-AD85-EFC898A75E9F}.Release|x64.ActiveCfg = Release|Win32
		{79C87E45-1834-48D7-AD85-EFC898A75E9F}.Release|x86.ActiveCfg = Release|Win32
		{79C87E45-1834-48D7-AD85-EFC898A75E9F}.Release|x86.Build.0 = Release|Win32
	EndGlobalSection
	GlobalSection(SolutionProperties) = preSolution
		HideSolutionNode = FALSE
	EndGlobalSection
	GlobalSection(NestedProjects) = preSolution
		{5053E58A-D7B7-4869-AEC4-CFA3D6C6D48B} = {CCF85A1A-E398-452A-B3D8-CBA16D4A8C73}
		{952094A2-4EEE-432C-8C42-975EF4DDAD37} = {CCF85A1A-E398-452A-B3D8-CBA16D4A8C73}
		{20A84F70-39F8-4B54-92D3-970C156768C7} = {CCF85A1A-E398-452A-B3D8-CBA16D4A8C73}
		{1F352729-7F88-4C8C-987E-EDA7B2D6CEDD} = {C4D70AAC-50B9-4930-BC6B-AA8CEFE16A8C}
		{BDA6DC7A-6A2D-4938-8D88-E410C8C98AD7} = {C4D70AAC-50B9-4930-BC6B-AA8CEFE16A8C}
		{6CAC3EFB-2410-445D-A0B2-EE8A637A78E3} = {C4D70AAC-50B9-4930-BC6B-AA8CEFE16A8C}
		{88058923-7F5F-4AD8-80E0-36EEDB158D71} = {A915C18C-EA2B-4D22-9280-95CF4FFD9301}
		{E8D10C7F-60FD-48A9-8512-122259497DCA} = {A915C18C-EA2B-4D22-9280-95CF4FFD9301}
		{3929E5EF-1202-4719-BBC6-D1EFF79161F9} = {4AD5C49A-06FF-41FD-BD31-2F718F264254}
		{1DF13C98-E47E-44B0-92B5-8C535ADE615E} = {4AD5C49A-06FF-41FD-BD31-2F718F264254}
		{657A2EBA-90DB-40C9-A6C3-1EF21C7FCD13} = {3929E5EF-1202-4719-BBC6-D1EFF79161F9}
		{797E807C-6F4F-4D82-94A8-2BF112149463} = {3929E5EF-1202-4719-BBC6-D1EFF79161F9}
		{1C2D41C2-18A4-4798-883C-4BC411A4C5DC} = {3929E5EF-1202-4719-BBC6-D1EFF79161F9}
		{D58C74EA-3A92-4161-81DC-618A7CBB1464} = {1DF13C98-E47E-44B0-92B5-8C535ADE615E}
		{601C0281-C53A-4B73-BD6D-87A2EC863B22} = {1DF13C98-E47E-44B0-92B5-8C535ADE615E}
		{79C87E45-1834-48D7-AD85-EFC898A75E9F} = {1DF13C98-E47E-44B0-92B5-8C535ADE615E}
	EndGlobalSection
EndGlobal
