<?xml version="1.0" encoding="utf-8"?>
<Project ToolsVersion="12.0" xmlns="http://schemas.microsoft.com/developer/msbuild/2003">
  <ItemGroup>
    <CLCompile Include="$(MSBuildThisFileDirectory)App.xaml.cpp" />
    <ClInclude Include="$(MSBuildThisFileDirectory)App.xaml.h" />
    <CLCompile Include="$(MSBuildThisFileDirectory)pch.cpp" />
    <ClInclude Include="$(MSBuildThisFileDirectory)pch.h" />
    <ClCompile Include="$(MSBuildThisFileDirectory)AudioReader\AudioReader.cpp" />
    <ClCompile Include="$(MSBuildThisFileDirectory)AudioReader\MFAudioReader.cpp" />
    <ClCompile Include="$(MSBuildThisFileDirectory)AudioSample\AudioSample.cpp" />
    <ClCompile Include="$(MSBuildThisFileDirectory)AudioSample\MFAudioSample.cpp" />
    <ClCompile Include="$(MSBuildThisFileDirectory)Events\AudioEvents.cpp" />
    <ClCompile Include="$(MSBuildThisFileDirectory)Events\MFAudioEvents.cpp" />
    <ClCompile Include="$(MSBuildThisFileDirectory)Helpers\Auto.cpp" />
    <ClCompile Include="$(MSBuildThisFileDirectory)Helpers\InitMasterVoice.cpp" />
    <ClCompile Include="$(MSBuildThisFileDirectory)Helpers\VoiceCallBack.cpp" />
    <ClCompile Include="$(MSBuildThisFileDirectory)Helpers\XAudio2Player.cpp" />
    <ClCompile Include="$(MSBuildThisFileDirectory)Wrapper\Reader.cpp" />
  </ItemGroup>
  <ItemGroup>
    <ApplicationDefinition Include="$(MSBuildThisFileDirectory)App.xaml" />
  </ItemGroup>
  <ItemGroup>
    <ClInclude Include="$(MSBuildThisFileDirectory)AudioReader\AudioReader.h" />
    <ClInclude Include="$(MSBuildThisFileDirectory)AudioReader\MFAudioReader.h" />
    <ClInclude Include="$(MSBuildThisFileDirectory)AudioSample\AudioSample.h" />
    <ClInclude Include="$(MSBuildThisFileDirectory)AudioSample\MFAudioSample.h" />
    <ClInclude Include="$(MSBuildThisFileDirectory)Events\AudioEvents.h" />
    <ClInclude Include="$(MSBuildThisFileDirectory)Events\MFAudioEvents.h" />
    <ClInclude Include="$(MSBuildThisFileDirectory)Helpers\Auto.h" />
    <ClInclude Include="$(MSBuildThisFileDirectory)Helpers\InitMasterVoice.h" />
    <ClInclude Include="$(MSBuildThisFileDirectory)Helpers\XAudio2Player.h" />
    <ClInclude Include="$(MSBuildThisFileDirectory)Wrapper\Reader.h" />
  </ItemGroup>
</Project>